
Microsoft Visual Studio Solution File, Format Version 12.00
# Visual Studio 2013
VisualStudioVersion = 12.0.40629.0
MinimumVisualStudioVersion = 10.0.40219.1
Project("{8BC9CEB8-8B4A-11D0-8D11-00A0C91BC942}") = "标准输入流cin", "标准输入流cin\标准输入流cin.vcxproj", "{D11AEF05-1DEC-40AA-87AA-FC58708F160E}"
EndProject
Project("{8BC9CEB8-8B4A-11D0-8D11-00A0C91BC942}") = "标准输出流cout", "标准输出流cout\标准输出流cout.vcxproj", "{416CC458-6A14-4BC2-9227-4BC150D3EF94}"
EndProject
Project("{8BC9CEB8-8B4A-11D0-8D11-00A0C91BC942}") = "标准错误流cerr", "标准错误流cerr\标准错误流cerr.vcxproj", "{AB2B2C7C-8B78-4AED-801D-42A324AEB635}"
EndProject
Project("{8BC9CEB8-8B4A-11D0-8D11-00A0C91BC942}") = "标准日志流clog", "标准日志流clog\标准日志流clog.vcxproj", "{38DF7771-43CC-4456-81F6-0D2773280344}"
EndProject
Global
	GlobalSection(SolutionConfigurationPlatforms) = preSolution
		Debug|Win32 = Debug|Win32
		Release|Win32 = Release|Win32
	EndGlobalSection
	GlobalSection(ProjectConfigurationPlatforms) = postSolution
		{D11AEF05-1DEC-40AA-87AA-FC58708F160E}.Debug|Win32.ActiveCfg = Debug|Win32
		{D11AEF05-1DEC-40AA-87AA-FC58708F160E}.Debug|Win32.Build.0 = Debug|Win32
		{D11AEF05-1DEC-40AA-87AA-FC58708F160E}.Release|Win32.ActiveCfg = Release|Win32
		{D11AEF05-1DEC-40AA-87AA-FC58708F160E}.Release|Win32.Build.0 = Release|Win32
		{416CC458-6A14-4BC2-9227-4BC150D3EF94}.Debug|Win32.ActiveCfg = Debug|Win32
		{416CC458-6A14-4BC2-9227-4BC150D3EF94}.Debug|Win32.Build.0 = Debug|Win32
		{416CC458-6A14-4BC2-9227-4BC150D3EF94}.Release|Win32.ActiveCfg = Release|Win32
		{416CC458-6A14-4BC2-9227-4BC150D3EF94}.Release|Win32.Build.0 = Release|Win32
		{AB2B2C7C-8B78-4AED-801D-42A324AEB635}.Debug|Win32.ActiveCfg = Debug|Win32
		{AB2B2C7C-8B78-4AED-801D-42A324AEB635}.Debug|Win32.Build.0 = Debug|Win32
		{AB2B2C7C-8B78-4AED-801D-42A324AEB635}.Release|Win32.ActiveCfg = Release|Win32
		{AB2B2C7C-8B78-4AED-801D-42A324AEB635}.Release|Win32.Build.0 = Release|Win32
		{38DF7771-43CC-4456-81F6-0D2773280344}.Debug|Win32.ActiveCfg = Debug|Win32
		{38DF7771-43CC-4456-81F6-0D2773280344}.Debug|Win32.Build.0 = Debug|Win32
		{38DF7771-43CC-4456-81F6-0D2773280344}.Release|Win32.ActiveCfg = Release|Win32
		{38DF7771-43CC-4456-81F6-0D2773280344}.Release|Win32.Build.0 = Release|Win32
	EndGlobalSection
	GlobalSection(SolutionProperties) = preSolution
		HideSolutionNode = FALSE
	EndGlobalSection
EndGlobal
