// !$*UTF8*$!
{
	archiveVersion = 1;
	classes = {
	};
	objectVersion = 50;
	objects = {

/* Begin PBXBuildFile section */
		3FCF357F2073D25F009EE832 /* main.c in Sources */ = {isa = PBXBuildFile; fileRef = 3FCF357E2073D25F009EE832 /* main.c */; };
		3FCF358A2073D91C009EE832 /* main.c in Sources */ = {isa = PBXBuildFile; fileRef = 3FCF35892073D91C009EE832 /* main.c */; };
		3FCF35952073DF96009EE832 /* main.c in Sources */ = {isa = PBXBuildFile; fileRef = 3FCF35942073DF96009EE832 /* main.c */; };
/* End PBXBuildFile section */

/* Begin PBXCopyFilesBuildPhase section */
		3FCF357A2073D25F009EE832 /* CopyFiles */ = {
			isa = PBXCopyFilesBuildPhase;
			buildActionMask = 2147483647;
			dstPath = /usr/share/man/man1/;
			dstSubfolderSpec = 0;
			files = (
			);
			runOnlyForDeploymentPostprocessing = 1;
		};
		3FCF35852073D91C009EE832 /* CopyFiles */ = {
			isa = PBXCopyFilesBuildPhase;
			buildActionMask = 2147483647;
			dstPath = /usr/share/man/man1/;
			dstSubfolderSpec = 0;
			files = (
			);
			runOnlyForDeploymentPostprocessing = 1;
		};
		3FCF35902073DF96009EE832 /* CopyFiles */ = {
			isa = PBXCopyFilesBuildPhase;
			buildActionMask = 2147483647;
			dstPath = /usr/share/man/man1/;
			dstSubfolderSpec = 0;
			files = (
			);
			runOnlyForDeploymentPostprocessing = 1;
		};
/* End PBXCopyFilesBuildPhase section */

/* Begin PBXFileReference section */
		3FCF357C2073D25F009EE832 /* 分支结构if */ = {isa = PBXFileReference; explicitFileType = "compiled.mach-o.executable"; includeInIndex = 0; path = "分支结构if"; sourceTree = BUILT_PRODUCTS_DIR; };
		3FCF357E2073D25F009EE832 /* main.c */ = {isa = PBXFileReference; lastKnownFileType = sourcecode.c.c; path = main.c; sourceTree = "<group>"; };
		3FCF35872073D91C009EE832 /* 分支结构if注意点 */ = {isa = PBXFileReference; explicitFileType = "compiled.mach-o.executable"; includeInIndex = 0; path = "分支结构if注意点"; sourceTree = BUILT_PRODUCTS_DIR; };
		3FCF35892073D91C009EE832 /* main.c */ = {isa = PBXFileReference; lastKnownFileType = sourcecode.c.c; path = main.c; sourceTree = "<group>"; };
		3FCF35922073DF96009EE832 /* 分支结构switch */ = {isa = PBXFileReference; explicitFileType = "compiled.mach-o.executable"; includeInIndex = 0; path = "分支结构switch"; sourceTree = BUILT_PRODUCTS_DIR; };
		3FCF35942073DF96009EE832 /* main.c */ = {isa = PBXFileReference; lastKnownFileType = sourcecode.c.c; path = main.c; sourceTree = "<group>"; };
/* End PBXFileReference section */

/* Begin PBXFrameworksBuildPhase section */
		3FCF35792073D25F009EE832 /* Frameworks */ = {
			isa = PBXFrameworksBuildPhase;
			buildActionMask = 2147483647;
			files = (
			);
			runOnlyForDeploymentPostprocessing = 0;
		};
		3FCF35842073D91C009EE832 /* Frameworks */ = {
			isa = PBXFrameworksBuildPhase;
			buildActionMask = 2147483647;
			files = (
			);
			runOnlyForDeploymentPostprocessing = 0;
		};
		3FCF358F2073DF96009EE832 /* Frameworks */ = {
			isa = PBXFrameworksBuildPhase;
			buildActionMask = 2147483647;
			files = (
			);
			runOnlyForDeploymentPostprocessing = 0;
		};
/* End PBXFrameworksBuildPhase section */

/* Begin PBXGroup section */
		3FCF35652073D230009EE832 = {
			isa = PBXGroup;
			children = (
				3FCF357D2073D25F009EE832 /* 分支结构if */,
				3FCF35882073D91C009EE832 /* 分支结构if注意点 */,
				3FCF35932073DF96009EE832 /* 分支结构switch */,
				3FCF356F2073D230009EE832 /* Products */,
			);
			sourceTree = "<group>";
		};
		3FCF356F2073D230009EE832 /* Products */ = {
			isa = PBXGroup;
			children = (
				3FCF357C2073D25F009EE832 /* 分支结构if */,
				3FCF35872073D91C009EE832 /* 分支结构if注意点 */,
				3FCF35922073DF96009EE832 /* 分支结构switch */,
			);
			name = Products;
			sourceTree = "<group>";
		};
		3FCF357D2073D25F009EE832 /* 分支结构if */ = {
			isa = PBXGroup;
			children = (
				3FCF357E2073D25F009EE832 /* main.c */,
			);
			path = "分支结构if";
			sourceTree = "<group>";
		};
		3FCF35882073D91C009EE832 /* 分支结构if注意点 */ = {
			isa = PBXGroup;
			children = (
				3FCF35892073D91C009EE832 /* main.c */,
			);
			path = "分支结构if注意点";
			sourceTree = "<group>";
		};
		3FCF35932073DF96009EE832 /* 分支结构switch */ = {
			isa = PBXGroup;
			children = (
				3FCF35942073DF96009EE832 /* main.c */,
			);
			path = "分支结构switch";
			sourceTree = "<group>";
		};
/* End PBXGroup section */

/* Begin PBXNativeTarget section */
		3FCF357B2073D25F009EE832 /* 分支结构if */ = {
			isa = PBXNativeTarget;
			buildConfigurationList = 3FCF35802073D25F009EE832 /* Build configuration list for PBXNativeTarget "分支结构if" */;
			buildPhases = (
				3FCF35782073D25F009EE832 /* Sources */,
				3FCF35792073D25F009EE832 /* Frameworks */,
				3FCF357A2073D25F009EE832 /* CopyFiles */,
			);
			buildRules = (
			);
			dependencies = (
			);
			name = "分支结构if";
			productName = "分支结构if";
			productReference = 3FCF357C2073D25F009EE832 /* 分支结构if */;
			productType = "com.apple.product-type.tool";
		};
		3FCF35862073D91C009EE832 /* 分支结构if注意点 */ = {
			isa = PBXNativeTarget;
			buildConfigurationList = 3FCF358B2073D91C009EE832 /* Build configuration list for PBXNativeTarget "分支结构if注意点" */;
			buildPhases = (
				3FCF35832073D91C009EE832 /* Sources */,
				3FCF35842073D91C009EE832 /* Frameworks */,
				3FCF35852073D91C009EE832 /* CopyFiles */,
			);
			buildRules = (
			);
			dependencies = (
			);
			name = "分支结构if注意点";
			productName = "分支结构if注意点";
			productReference = 3FCF35872073D91C009EE832 /* 分支结构if注意点 */;
			productType = "com.apple.product-type.tool";
		};
		3FCF35912073DF96009EE832 /* 分支结构switch */ = {
			isa = PBXNativeTarget;
			buildConfigurationList = 3FCF35962073DF96009EE832 /* Build configuration list for PBXNativeTarget "分支结构switch" */;
			buildPhases = (
				3FCF358E2073DF96009EE832 /* Sources */,
				3FCF358F2073DF96009EE832 /* Frameworks */,
				3FCF35902073DF96009EE832 /* CopyFiles */,
			);
			buildRules = (
			);
			dependencies = (
			);
			name = "分支结构switch";
			productName = "分支结构switch";
			productReference = 3FCF35922073DF96009EE832 /* 分支结构switch */;
			productType = "com.apple.product-type.tool";
		};
/* End PBXNativeTarget section */

/* Begin PBXProject section */
		3FCF35662073D230009EE832 /* Project object */ = {
			isa = PBXProject;
			attributes = {
				LastUpgradeCheck = 0930;
				ORGANIZATIONNAME = "凯凯";
				TargetAttributes = {
					3FCF357B2073D25F009EE832 = {
						CreatedOnToolsVersion = 9.3;
					};
					3FCF35862073D91C009EE832 = {
						CreatedOnToolsVersion = 9.3;
					};
					3FCF35912073DF96009EE832 = {
						CreatedOnToolsVersion = 9.3;
					};
				};
			};
			buildConfigurationList = 3FCF35692073D230009EE832 /* Build configuration list for PBXProject "01分支结构" */;
			compatibilityVersion = "Xcode 9.3";
			developmentRegion = en;
			hasScannedForEncodings = 0;
			knownRegions = (
				en,
			);
			mainGroup = 3FCF35652073D230009EE832;
			productRefGroup = 3FCF356F2073D230009EE832 /* Products */;
			projectDirPath = "";
			projectRoot = "";
			targets = (
				3FCF357B2073D25F009EE832 /* 分支结构if */,
				3FCF35862073D91C009EE832 /* 分支结构if注意点 */,
				3FCF35912073DF96009EE832 /* 分支结构switch */,
			);
		};
/* End PBXProject section */

/* Begin PBXSourcesBuildPhase section */
		3FCF35782073D25F009EE832 /* Sources */ = {
			isa = PBXSourcesBuildPhase;
			buildActionMask = 2147483647;
			files = (
				3FCF357F2073D25F009EE832 /* main.c in Sources */,
			);
			runOnlyForDeploymentPostprocessing = 0;
		};
		3FCF35832073D91C009EE832 /* Sources */ = {
			isa = PBXSourcesBuildPhase;
			buildActionMask = 2147483647;
			files = (
				3FCF358A2073D91C009EE832 /* main.c in Sources */,
			);
			runOnlyForDeploymentPostprocessing = 0;
		};
		3FCF358E2073DF96009EE832 /* Sources */ = {
			isa = PBXSourcesBuildPhase;
			buildActionMask = 2147483647;
			files = (
				3FCF35952073DF96009EE832 /* main.c in Sources */,
			);
			runOnlyForDeploymentPostprocessing = 0;
		};
/* End PBXSourcesBuildPhase section */

/* Begin XCBuildConfiguration section */
		3FCF35732073D230009EE832 /* Debug */ = {
			isa = XCBuildConfiguration;
			buildSettings = {
				ALWAYS_SEARCH_USER_PATHS = NO;
				CLANG_ANALYZER_NONNULL = YES;
				CLANG_ANALYZER_NUMBER_OBJECT_CONVERSION = YES_AGGRESSIVE;
				CLANG_CXX_LANGUAGE_STANDARD = "gnu++14";
				CLANG_CXX_LIBRARY = "libc++";
				CLANG_ENABLE_MODULES = YES;
				CLANG_ENABLE_OBJC_ARC = YES;
				CLANG_ENABLE_OBJC_WEAK = YES;
				CLANG_WARN_BLOCK_CAPTURE_AUTORELEASING = YES;
				CLANG_WARN_BOOL_CONVERSION = YES;
				CLANG_WARN_COMMA = YES;
				CLANG_WARN_CONSTANT_CONVERSION = YES;
				CLANG_WARN_DEPRECATED_OBJC_IMPLEMENTATIONS = YES;
				CLANG_WARN_DIRECT_OBJC_ISA_USAGE = YES_ERROR;
				CLANG_WARN_DOCUMENTATION_COMMENTS = YES;
				CLANG_WARN_EMPTY_BODY = YES;
				CLANG_WARN_ENUM_CONVERSION = YES;
				CLANG_WARN_INFINITE_RECURSION = YES;
				CLANG_WARN_INT_CONVERSION = YES;
				CLANG_WARN_NON_LITERAL_NULL_CONVERSION = YES;
				CLANG_WARN_OBJC_IMPLICIT_RETAIN_SELF = YES;
				CLANG_WARN_OBJC_LITERAL_CONVERSION = YES;
				CLANG_WARN_OBJC_ROOT_CLASS = YES_ERROR;
				CLANG_WARN_RANGE_LOOP_ANALYSIS = YES;
				CLANG_WARN_STRICT_PROTOTYPES = YES;
				CLANG_WARN_SUSPICIOUS_MOVE = YES;
				CLANG_WARN_UNGUARDED_AVAILABILITY = YES_AGGRESSIVE;
				CLANG_WARN_UNREACHABLE_CODE = YES;
				CLANG_WARN__DUPLICATE_METHOD_MATCH = YES;
				CODE_SIGN_IDENTITY = "-";
				COPY_PHASE_STRIP = NO;
				DEBUG_INFORMATION_FORMAT = dwarf;
				ENABLE_STRICT_OBJC_MSGSEND = YES;
				ENABLE_TESTABILITY = YES;
				GCC_C_LANGUAGE_STANDARD = gnu11;
				GCC_DYNAMIC_NO_PIC = NO;
				GCC_NO_COMMON_BLOCKS = YES;
				GCC_OPTIMIZATION_LEVEL = 0;
				GCC_PREPROCESSOR_DEFINITIONS = (
					"DEBUG=1",
					"$(inherited)",
				);
				GCC_WARN_64_TO_32_BIT_CONVERSION = YES;
				GCC_WARN_ABOUT_RETURN_TYPE = YES_ERROR;
				GCC_WARN_UNDECLARED_SELECTOR = YES;
				GCC_WARN_UNINITIALIZED_AUTOS = YES_AGGRESSIVE;
				GCC_WARN_UNUSED_FUNCTION = YES;
				GCC_WARN_UNUSED_VARIABLE = YES;
				MACOSX_DEPLOYMENT_TARGET = 10.13;
				MTL_ENABLE_DEBUG_INFO = YES;
				ONLY_ACTIVE_ARCH = YES;
				SDKROOT = macosx;
			};
			name = Debug;
		};
		3FCF35742073D230009EE832 /* Release */ = {
			isa = XCBuildConfiguration;
			buildSettings = {
				ALWAYS_SEARCH_USER_PATHS = NO;
				CLANG_ANALYZER_NONNULL = YES;
				CLANG_ANALYZER_NUMBER_OBJECT_CONVERSION = YES_AGGRESSIVE;
				CLANG_CXX_LANGUAGE_STANDARD = "gnu++14";
				CLANG_CXX_LIBRARY = "libc++";
				CLANG_ENABLE_MODULES = YES;
				CLANG_ENABLE_OBJC_ARC = YES;
				CLANG_ENABLE_OBJC_WEAK = YES;
				CLANG_WARN_BLOCK_CAPTURE_AUTORELEASING = YES;
				CLANG_WARN_BOOL_CONVERSION = YES;
				CLANG_WARN_COMMA = YES;
				CLANG_WARN_CONSTANT_CONVERSION = YES;
				CLANG_WARN_DEPRECATED_OBJC_IMPLEMENTATIONS = YES;
				CLANG_WARN_DIRECT_OBJC_ISA_USAGE = YES_ERROR;
				CLANG_WARN_DOCUMENTATION_COMMENTS = YES;
				CLANG_WARN_EMPTY_BODY = YES;
				CLANG_WARN_ENUM_CONVERSION = YES;
				CLANG_WARN_INFINITE_RECURSION = YES;
				CLANG_WARN_INT_CONVERSION = YES;
				CLANG_WARN_NON_LITERAL_NULL_CONVERSION = YES;
				CLANG_WARN_OBJC_IMPLICIT_RETAIN_SELF = YES;
				CLANG_WARN_OBJC_LITERAL_CONVERSION = YES;
				CLANG_WARN_OBJC_ROOT_CLASS = YES_ERROR;
				CLANG_WARN_RANGE_LOOP_ANALYSIS = YES;
				CLANG_WARN_STRICT_PROTOTYPES = YES;
				CLANG_WARN_SUSPICIOUS_MOVE = YES;
				CLANG_WARN_UNGUARDED_AVAILABILITY = YES_AGGRESSIVE;
				CLANG_WARN_UNREACHABLE_CODE = YES;
				CLANG_WARN__DUPLICATE_METHOD_MATCH = YES;
				CODE_SIGN_IDENTITY = "-";
				COPY_PHASE_STRIP = NO;
				DEBUG_INFORMATION_FORMAT = "dwarf-with-dsym";
				ENABLE_NS_ASSERTIONS = NO;
				ENABLE_STRICT_OBJC_MSGSEND = YES;
				GCC_C_LANGUAGE_STANDARD = gnu11;
				GCC_NO_COMMON_BLOCKS = YES;
				GCC_WARN_64_TO_32_BIT_CONVERSION = YES;
				GCC_WARN_ABOUT_RETURN_TYPE = YES_ERROR;
				GCC_WARN_UNDECLARED_SELECTOR = YES;
				GCC_WARN_UNINITIALIZED_AUTOS = YES_AGGRESSIVE;
				GCC_WARN_UNUSED_FUNCTION = YES;
				GCC_WARN_UNUSED_VARIABLE = YES;
				MACOSX_DEPLOYMENT_TARGET = 10.13;
				MTL_ENABLE_DEBUG_INFO = NO;
				SDKROOT = macosx;
			};
			name = Release;
		};
		3FCF35812073D25F009EE832 /* Debug */ = {
			isa = XCBuildConfiguration;
			buildSettings = {
				CODE_SIGN_STYLE = Automatic;
				PRODUCT_NAME = "$(TARGET_NAME)";
			};
			name = Debug;
		};
		3FCF35822073D25F009EE832 /* Release */ = {
			isa = XCBuildConfiguration;
			buildSettings = {
				CODE_SIGN_STYLE = Automatic;
				PRODUCT_NAME = "$(TARGET_NAME)";
			};
			name = Release;
		};
		3FCF358C2073D91C009EE832 /* Debug */ = {
			isa = XCBuildConfiguration;
			buildSettings = {
				CODE_SIGN_STYLE = Automatic;
				PRODUCT_NAME = "$(TARGET_NAME)";
			};
			name = Debug;
		};
		3FCF358D2073D91C009EE832 /* Release */ = {
			isa = XCBuildConfiguration;
			buildSettings = {
				CODE_SIGN_STYLE = Automatic;
				PRODUCT_NAME = "$(TARGET_NAME)";
			};
			name = Release;
		};
		3FCF35972073DF96009EE832 /* Debug */ = {
			isa = XCBuildConfiguration;
			buildSettings = {
				CODE_SIGN_STYLE = Automatic;
				PRODUCT_NAME = "$(TARGET_NAME)";
			};
			name = Debug;
		};
		3FCF35982073DF96009EE832 /* Release */ = {
			isa = XCBuildConfiguration;
			buildSettings = {
				CODE_SIGN_STYLE = Automatic;
				PRODUCT_NAME = "$(TARGET_NAME)";
			};
			name = Release;
		};
/* End XCBuildConfiguration section */

/* Begin XCConfigurationList section */
		3FCF35692073D230009EE832 /* Build configuration list for PBXProject "01分支结构" */ = {
			isa = XCConfigurationList;
			buildConfigurations = (
				3FCF35732073D230009EE832 /* Debug */,
				3FCF35742073D230009EE832 /* Release */,
			);
			defaultConfigurationIsVisible = 0;
			defaultConfigurationName = Release;
		};
		3FCF35802073D25F009EE832 /* Build configuration list for PBXNativeTarget "分支结构if" */ = {
			isa = XCConfigurationList;
			buildConfigurations = (
				3FCF35812073D25F009EE832 /* Debug */,
				3FCF35822073D25F009EE832 /* Release */,
			);
			defaultConfigurationIsVisible = 0;
			defaultConfigurationName = Release;
		};
		3FCF358B2073D91C009EE832 /* Build configuration list for PBXNativeTarget "分支结构if注意点" */ = {
			isa = XCConfigurationList;
			buildConfigurations = (
				3FCF358C2073D91C009EE832 /* Debug */,
				3FCF358D2073D91C009EE832 /* Release */,
			);
			defaultConfigurationIsVisible = 0;
			defaultConfigurationName = Release;
		};
		3FCF35962073DF96009EE832 /* Build configuration list for PBXNativeTarget "分支结构switch" */ = {
			isa = XCConfigurationList;
			buildConfigurations = (
				3FCF35972073DF96009EE832 /* Debug */,
				3FCF35982073DF96009EE832 /* Release */,
			);
			defaultConfigurationIsVisible = 0;
			defaultConfigurationName = Release;
		};
/* End XCConfigurationList section */
	};
	rootObject = 3FCF35662073D230009EE832 /* Project object */;
}
